
Microsoft Visual Studio Solution File, Format Version 12.00
# Visual Studio Version 17
VisualStudioVersion = 17.5.33516.290
MinimumVisualStudioVersion = 10.0.40219.1
Project("{FAE04EC0-301F-11D3-BF4B-00C04F79EFBC}") = "Hit_The_Keys", "Hit_The_Keys.csproj", "{31BBCAD7-EB4E-4CC0-9CB3-FE7606908268}"
EndProject
Global
	GlobalSection(SolutionConfigurationPlatforms) = preSolution
		Debug|Any CPU = Debug|Any CPU
		Release|Any CPU = Release|Any CPU
	EndGlobalSection
	GlobalSection(ProjectConfigurationPlatforms) = postSolution
		{31BBCAD7-EB4E-4CC0-9CB3-FE7606908268}.Debug|Any CPU.ActiveCfg = Debug|Any CPU
		{31BBCAD7-EB4E-4CC0-9CB3-FE7606908268}.Debug|Any CPU.Build.0 = Debug|Any CPU
		{31BBCAD7-EB4E-4CC0-9CB3-FE7606908268}.Release|Any CPU.ActiveCfg = Release|Any CPU
		{31BBCAD7-EB4E-4CC0-9CB3-FE7606908268}.Release|Any CPU.Build.0 = Release|Any CPU
	EndGlobalSection
	GlobalSection(SolutionProperties) = preSolution
		HideSolutionNode = FALSE
	EndGlobalSection
	GlobalSection(ExtensibilityGlobals) = postSolution
		SolutionGuid = {767FC098-AC1D-4016-8897-245FAAF50456}
	EndGlobalSection
EndGlobal
